
Microsoft Visual Studio Solution File, Format Version 12.00
# Visual Studio 15
VisualStudioVersion = 15.0.27703.2035
MinimumVisualStudioVersion = 10.0.40219.1
Project("{FAE04EC0-301F-11D3-BF4B-00C04F79EFBC}") = "StringLibrary", "StringLibrary\StringLibrary.csproj", "{9BFDC259-255A-4E7B-A8CE-6A800F0628DC}"
EndProject
Project("{FAE04EC0-301F-11D3-BF4B-00C04F79EFBC}") = "StringLibraryTest", "StringLibraryTest\StringLibraryTest.csproj", "{F0DCB72D-6D9A-4DB5-99AA-1F5C24CC68AD}"
EndProject
Project("{FAE04EC0-301F-11D3-BF4B-00C04F79EFBC}") = "ShowCase", "ShowCase\ShowCase.csproj", "{A22F0407-DFC8-48A8-956E-983C9DF3A3D7}"
EndProject
Global
	GlobalSection(SolutionConfigurationPlatforms) = preSolution
		Debug|Any CPU = Debug|Any CPU
		Release|Any CPU = Release|Any CPU
	EndGlobalSection
	GlobalSection(ProjectConfigurationPlatforms) = postSolution
		{9BFDC259-255A-4E7B-A8CE-6A800F0628DC}.Debug|Any CPU.ActiveCfg = Debug|Any CPU
		{9BFDC259-255A-4E7B-A8CE-6A800F0628DC}.Debug|Any CPU.Build.0 = Debug|Any CPU
		{9BFDC259-255A-4E7B-A8CE-6A800F0628DC}.Release|Any CPU.ActiveCfg = Release|Any CPU
		{9BFDC259-255A-4E7B-A8CE-6A800F0628DC}.Release|Any CPU.Build.0 = Release|Any CPU
		{F0DCB72D-6D9A-4DB5-99AA-1F5C24CC68AD}.Debug|Any CPU.ActiveCfg = Debug|Any CPU
		{F0DCB72D-6D9A-4DB5-99AA-1F5C24CC68AD}.Debug|Any CPU.Build.0 = Debug|Any CPU
		{F0DCB72D-6D9A-4DB5-99AA-1F5C24CC68AD}.Release|Any CPU.ActiveCfg = Release|Any CPU
		{F0DCB72D-6D9A-4DB5-99AA-1F5C24CC68AD}.Release|Any CPU.Build.0 = Release|Any CPU
		{A22F0407-DFC8-48A8-956E-983C9DF3A3D7}.Debug|Any CPU.ActiveCfg = Debug|Any CPU
		{A22F0407-DFC8-48A8-956E-983C9DF3A3D7}.Debug|Any CPU.Build.0 = Debug|Any CPU
		{A22F0407-DFC8-48A8-956E-983C9DF3A3D7}.Release|Any CPU.ActiveCfg = Release|Any CPU
		{A22F0407-DFC8-48A8-956E-983C9DF3A3D7}.Release|Any CPU.Build.0 = Release|Any CPU
	EndGlobalSection
	GlobalSection(SolutionProperties) = preSolution
		HideSolutionNode = FALSE
	EndGlobalSection
	GlobalSection(ExtensibilityGlobals) = postSolution
		SolutionGuid = {53509DF9-5C2E-4F01-B9F6-829978EA5ADF}
	EndGlobalSection
EndGlobal
